{
  "name": "@fitlab-ai/agent-orchestrator",
  "version": "0.2.1",
  "lockfileVersion": 3,
  "requires": true,
  "packages": {
    "": {
      "name": "@fitlab-ai/agent-orchestrator",
      "version": "0.2.1",
      "license": "MIT",
      "bin": {
        "agent-orchestrator": "bin/cli.js",
        "ao": "bin/cli.js"
      },
      "engines": {
        "node": ">=18"
      }
    }
  }
}
